# Resolved and tested with Python 3.12; includes developer tools.
annotated-doc==0.0.5
annotated-types==0.8.0
anyio==4.15.1
certifi==2026.7.22
cffi==2.1.1
click==8.5.0
cryptography==50.0.1
defusedxml==0.7.1
et_xmlfile==2.0.0
fastapi==0.141.1
h11==0.16.0
httpcore==1.0.9
httpx==0.28.1
idna==3.19
iniconfig==2.3.0
neo4j==6.3.1
openpyxl==3.1.5
packaging==26.3
pluggy==1.6.0
pycparser==3.0
pydantic==2.13.5
pydantic-settings==2.15.0
pydantic_core==2.46.5
Pygments==2.21.0
PyMySQL==1.2.3
pytest==9.1.1
python-dotenv==1.2.3
pytz==2026.3.post1
ruff==0.16.8
starlette==1.6.0
typing-inspection==0.4.4
typing_extensions==4.16.0
uvicorn==0.53.0
PyYAML==6.0.3

# Optional GraphRAG runtime: constraints only; installed by .[graphrag].
aiofiles==25.1.0
aiolimiter==1.3.0
anytree==2.13.0
asttokens==2.4.1
autograd==1.9.1
azure-core==1.41.0
azure-cosmos==4.17.1
azure-identity==1.25.3
azure-search-documents==12.0.0
azure-storage-blob==12.30.2
beartype==0.18.5
blis==1.3.3
catalogue==2.0.10
charset-normalizer==3.5.1
cloudpathlib==0.25.0
cloudpickle==3.1.2
confection==1.3.3
contourpy==1.3.3
cycler==0.12.1
cymem==2.0.13
deprecation==2.1.0
devtools==0.12.2
distro==1.9.0
environs==15.2.0
executing==2.2.1
fnllm==0.4.1
fonttools==4.65.0
future==1.0.0
gensim==4.4.0
graphrag==2.5.0
graspologic==3.4.4
graspologic-native==1.3.1
httpcore2==2.13.0
httpx2==2.13.0
hyppo==0.5.2
isodate==0.7.2
Jinja2==3.1.6
jiter==0.17.0
joblib==1.6.0
json_repair==0.63.4
kiwisolver==1.5.1
lance-namespace==0.13.0
lance-namespace-urllib3-client==0.13.0
lancedb==0.17.0
llvmlite==0.49.0
markdown-it-py==4.2.0
MarkupSafe==3.0.3
marshmallow==4.3.1
matplotlib==3.11.2
mdurl==0.1.2
msal==1.39.0
msal-extensions==1.3.1
murmurhash==1.0.15
narwhals==2.26.0
networkx==3.6.1
nltk==3.9.1
numba==0.67.0
numpy==1.26.4
openai==1.107.0
overrides==7.7.0
pandas==2.3.1
patsy==1.0.3
pillow==12.3.0
POT==0.9.7.post1
preshed==3.0.13
pyarrow==21.0.0
PyJWT==2.14.0
pylance==0.20.0
pynndescent==0.6.0
pyparsing==3.3.2
pypdf==6.19.0
python-dateutil==2.9.0.post0
regex==2026.9.10
requests==2.34.2
rich==15.0.0
scikit-learn==1.9.1
scipy==1.17.1
seaborn==0.13.2
shellingham==1.5.4
six==1.17.0
smart_open==8.0.1
sniffio==1.3.1
spacy==3.8.16
spacy-legacy==3.0.12
spacy-loggers==1.0.5
srsly==2.5.3
statsmodels==0.14.6
tenacity==9.1.4
textblob==0.20.1
thinc==8.3.13
threadpoolctl==3.7.0
tiktoken==0.14.0
tqdm==4.70.1
truststore==0.10.4
typer==0.27.2
tzdata==2026.4
umap-learn==0.5.12
urllib3==2.8.0
wasabi==1.1.3
weasel==1.0.0
wrapt==2.4.1
